
Microsoft Visual Studio Solution File, Format Version 12.00
# Visual Studio 2012
VisualStudioVersion = 12.0.21005.1
MinimumVisualStudioVersion = 10.0.40219.1
Project("{FAE04EC0-301F-11D3-BF4B-00C04F79EFBC}") = "TicTacToe.Portable", "TicTacToe.Portable\TicTacToe.Portable.csproj", "{12C320E0-6E39-48A7-B0EE-961853454089}"
EndProject
Project("{FAE04EC0-301F-11D3-BF4B-00C04F79EFBC}") = "TicTacToe.Tests", "TicTacToe.Tests\TicTacToe.Tests.csproj", "{583B905F-CC89-4C68-BE20-486C8B794169}"
EndProject
Project("{2150E333-8FDC-42A3-9474-1A3956D46DE8}") = "Apps", "Apps", "{EBD223BD-E28F-4BBB-AB48-CA311DC2B710}"
EndProject
Project("{FAE04EC0-301F-11D3-BF4B-00C04F79EFBC}") = "TicTacToe.Desktop", "TicTacToe.Desktop\TicTacToe.Desktop.csproj", "{FD198393-4EF8-401E-A507-1EAEB9214FD7}"
EndProject
Project("{FAE04EC0-301F-11D3-BF4B-00C04F79EFBC}") = "TicTacToe.Droid", "TicTacToe.Droid\TicTacToe.Droid.csproj", "{A4224480-FC4E-4E38-AAC4-46ED63EB7160}"
EndProject
Project("{FAE04EC0-301F-11D3-BF4B-00C04F79EFBC}") = "TicTacToe.iOS", "TicTacToe.iOS\TicTacToe.iOS.csproj", "{F4218081-B12B-4FA3-BFE2-837ED5B5F58E}"
EndProject
Global
	GlobalSection(SolutionConfigurationPlatforms) = preSolution
		Ad-Hoc|Any CPU = Ad-Hoc|Any CPU
		Ad-Hoc|iPhone = Ad-Hoc|iPhone
		Ad-Hoc|iPhoneSimulator = Ad-Hoc|iPhoneSimulator
		AppStore|Any CPU = AppStore|Any CPU
		AppStore|iPhone = AppStore|iPhone
		AppStore|iPhoneSimulator = AppStore|iPhoneSimulator
		Debug|Any CPU = Debug|Any CPU
		Debug|iPhone = Debug|iPhone
		Debug|iPhoneSimulator = Debug|iPhoneSimulator
		Release|Any CPU = Release|Any CPU
		Release|iPhone = Release|iPhone
		Release|iPhoneSimulator = Release|iPhoneSimulator
	EndGlobalSection
	GlobalSection(ProjectConfigurationPlatforms) = postSolution
		{12C320E0-6E39-48A7-B0EE-961853454089}.Ad-Hoc|Any CPU.ActiveCfg = Release|Any CPU
		{12C320E0-6E39-48A7-B0EE-961853454089}.Ad-Hoc|iPhone.ActiveCfg = Debug|Any CPU
		{12C320E0-6E39-48A7-B0EE-961853454089}.Ad-Hoc|iPhone.Build.0 = Debug|Any CPU
		{12C320E0-6E39-48A7-B0EE-961853454089}.Ad-Hoc|iPhoneSimulator.ActiveCfg = Release|Any CPU
		{12C320E0-6E39-48A7-B0EE-961853454089}.AppStore|Any CPU.ActiveCfg = Release|Any CPU
		{12C320E0-6E39-48A7-B0EE-961853454089}.AppStore|iPhone.ActiveCfg = Debug|Any CPU
		{12C320E0-6E39-48A7-B0EE-961853454089}.AppStore|iPhone.Build.0 = Debug|Any CPU
		{12C320E0-6E39-48A7-B0EE-961853454089}.AppStore|iPhoneSimulator.ActiveCfg = Release|Any CPU
		{12C320E0-6E39-48A7-B0EE-961853454089}.Debug|Any CPU.ActiveCfg = Debug|Any CPU
		{12C320E0-6E39-48A7-B0EE-961853454089}.Debug|Any CPU.Build.0 = Debug|Any CPU
		{12C320E0-6E39-48A7-B0EE-961853454089}.Debug|iPhone.ActiveCfg = Debug|Any CPU
		{12C320E0-6E39-48A7-B0EE-961853454089}.Debug|iPhone.Build.0 = Debug|Any CPU
		{12C320E0-6E39-48A7-B0EE-961853454089}.Debug|iPhoneSimulator.ActiveCfg = Debug|Any CPU
		{12C320E0-6E39-48A7-B0EE-961853454089}.Debug|iPhoneSimulator.Build.0 = Debug|Any CPU
		{12C320E0-6E39-48A7-B0EE-961853454089}.Release|Any CPU.ActiveCfg = Release|Any CPU
		{12C320E0-6E39-48A7-B0EE-961853454089}.Release|Any CPU.Build.0 = Release|Any CPU
		{12C320E0-6E39-48A7-B0EE-961853454089}.Release|iPhone.ActiveCfg = Release|Any CPU
		{12C320E0-6E39-48A7-B0EE-961853454089}.Release|iPhone.Build.0 = Release|Any CPU
		{12C320E0-6E39-48A7-B0EE-961853454089}.Release|iPhoneSimulator.ActiveCfg = Release|Any CPU
		{12C320E0-6E39-48A7-B0EE-961853454089}.Release|iPhoneSimulator.Build.0 = Release|Any CPU
		{583B905F-CC89-4C68-BE20-486C8B794169}.Ad-Hoc|Any CPU.ActiveCfg = Release|Any CPU
		{583B905F-CC89-4C68-BE20-486C8B794169}.Ad-Hoc|iPhone.ActiveCfg = Debug|Any CPU
		{583B905F-CC89-4C68-BE20-486C8B794169}.Ad-Hoc|iPhone.Build.0 = Debug|Any CPU
		{583B905F-CC89-4C68-BE20-486C8B794169}.Ad-Hoc|iPhoneSimulator.ActiveCfg = Release|Any CPU
		{583B905F-CC89-4C68-BE20-486C8B794169}.AppStore|Any CPU.ActiveCfg = Release|Any CPU
		{583B905F-CC89-4C68-BE20-486C8B794169}.AppStore|iPhone.ActiveCfg = Debug|Any CPU
		{583B905F-CC89-4C68-BE20-486C8B794169}.AppStore|iPhone.Build.0 = Debug|Any CPU
		{583B905F-CC89-4C68-BE20-486C8B794169}.AppStore|iPhoneSimulator.ActiveCfg = Release|Any CPU
		{583B905F-CC89-4C68-BE20-486C8B794169}.Debug|Any CPU.ActiveCfg = Debug|Any CPU
		{583B905F-CC89-4C68-BE20-486C8B794169}.Debug|Any CPU.Build.0 = Debug|Any CPU
		{583B905F-CC89-4C68-BE20-486C8B794169}.Debug|iPhone.ActiveCfg = Debug|Any CPU
		{583B905F-CC89-4C68-BE20-486C8B794169}.Debug|iPhone.Build.0 = Debug|Any CPU
		{583B905F-CC89-4C68-BE20-486C8B794169}.Debug|iPhoneSimulator.ActiveCfg = Debug|Any CPU
		{583B905F-CC89-4C68-BE20-486C8B794169}.Debug|iPhoneSimulator.Build.0 = Debug|Any CPU
		{583B905F-CC89-4C68-BE20-486C8B794169}.Release|Any CPU.ActiveCfg = Release|Any CPU
		{583B905F-CC89-4C68-BE20-486C8B794169}.Release|Any CPU.Build.0 = Release|Any CPU
		{583B905F-CC89-4C68-BE20-486C8B794169}.Release|iPhone.ActiveCfg = Release|Any CPU
		{583B905F-CC89-4C68-BE20-486C8B794169}.Release|iPhone.Build.0 = Release|Any CPU
		{583B905F-CC89-4C68-BE20-486C8B794169}.Release|iPhoneSimulator.ActiveCfg = Release|Any CPU
		{583B905F-CC89-4C68-BE20-486C8B794169}.Release|iPhoneSimulator.Build.0 = Release|Any CPU
		{A4224480-FC4E-4E38-AAC4-46ED63EB7160}.Ad-Hoc|Any CPU.ActiveCfg = Release|Any CPU
		{A4224480-FC4E-4E38-AAC4-46ED63EB7160}.Ad-Hoc|iPhone.ActiveCfg = Debug|Any CPU
		{A4224480-FC4E-4E38-AAC4-46ED63EB7160}.Ad-Hoc|iPhone.Build.0 = Debug|Any CPU
		{A4224480-FC4E-4E38-AAC4-46ED63EB7160}.Ad-Hoc|iPhoneSimulator.ActiveCfg = Release|Any CPU
		{A4224480-FC4E-4E38-AAC4-46ED63EB7160}.AppStore|Any CPU.ActiveCfg = Release|Any CPU
		{A4224480-FC4E-4E38-AAC4-46ED63EB7160}.AppStore|iPhone.ActiveCfg = Debug|Any CPU
		{A4224480-FC4E-4E38-AAC4-46ED63EB7160}.AppStore|iPhone.Build.0 = Debug|Any CPU
		{A4224480-FC4E-4E38-AAC4-46ED63EB7160}.AppStore|iPhoneSimulator.ActiveCfg = Release|Any CPU
		{A4224480-FC4E-4E38-AAC4-46ED63EB7160}.Debug|Any CPU.ActiveCfg = Debug|Any CPU
		{A4224480-FC4E-4E38-AAC4-46ED63EB7160}.Debug|Any CPU.Build.0 = Debug|Any CPU
		{A4224480-FC4E-4E38-AAC4-46ED63EB7160}.Debug|Any CPU.Deploy.0 = Debug|Any CPU
		{A4224480-FC4E-4E38-AAC4-46ED63EB7160}.Debug|iPhone.ActiveCfg = Debug|Any CPU
		{A4224480-FC4E-4E38-AAC4-46ED63EB7160}.Debug|iPhone.Build.0 = Debug|Any CPU
		{A4224480-FC4E-4E38-AAC4-46ED63EB7160}.Debug|iPhoneSimulator.ActiveCfg = Debug|Any CPU
		{A4224480-FC4E-4E38-AAC4-46ED63EB7160}.Debug|iPhoneSimulator.Build.0 = Debug|Any CPU
		{A4224480-FC4E-4E38-AAC4-46ED63EB7160}.Release|Any CPU.ActiveCfg = Release|Any CPU
		{A4224480-FC4E-4E38-AAC4-46ED63EB7160}.Release|Any CPU.Build.0 = Release|Any CPU
		{A4224480-FC4E-4E38-AAC4-46ED63EB7160}.Release|Any CPU.Deploy.0 = Release|Any CPU
		{A4224480-FC4E-4E38-AAC4-46ED63EB7160}.Release|iPhone.ActiveCfg = Release|Any CPU
		{A4224480-FC4E-4E38-AAC4-46ED63EB7160}.Release|iPhone.Build.0 = Release|Any CPU
		{A4224480-FC4E-4E38-AAC4-46ED63EB7160}.Release|iPhoneSimulator.ActiveCfg = Release|Any CPU
		{A4224480-FC4E-4E38-AAC4-46ED63EB7160}.Release|iPhoneSimulator.Build.0 = Release|Any CPU
		{F4218081-B12B-4FA3-BFE2-837ED5B5F58E}.Ad-Hoc|Any CPU.ActiveCfg = Ad-Hoc|iPhone
		{F4218081-B12B-4FA3-BFE2-837ED5B5F58E}.Ad-Hoc|iPhone.ActiveCfg = Ad-Hoc|iPhone
		{F4218081-B12B-4FA3-BFE2-837ED5B5F58E}.Ad-Hoc|iPhone.Build.0 = Ad-Hoc|iPhone
		{F4218081-B12B-4FA3-BFE2-837ED5B5F58E}.Ad-Hoc|iPhoneSimulator.ActiveCfg = Ad-Hoc|iPhone
		{F4218081-B12B-4FA3-BFE2-837ED5B5F58E}.AppStore|Any CPU.ActiveCfg = AppStore|iPhone
		{F4218081-B12B-4FA3-BFE2-837ED5B5F58E}.AppStore|iPhone.ActiveCfg = AppStore|iPhone
		{F4218081-B12B-4FA3-BFE2-837ED5B5F58E}.AppStore|iPhone.Build.0 = AppStore|iPhone
		{F4218081-B12B-4FA3-BFE2-837ED5B5F58E}.AppStore|iPhoneSimulator.ActiveCfg = AppStore|iPhone
		{F4218081-B12B-4FA3-BFE2-837ED5B5F58E}.Debug|Any CPU.ActiveCfg = Debug|iPhoneSimulator
		{F4218081-B12B-4FA3-BFE2-837ED5B5F58E}.Debug|Any CPU.Build.0 = Debug|iPhoneSimulator
		{F4218081-B12B-4FA3-BFE2-837ED5B5F58E}.Debug|iPhone.ActiveCfg = Debug|iPhone
		{F4218081-B12B-4FA3-BFE2-837ED5B5F58E}.Debug|iPhone.Build.0 = Debug|iPhone
		{F4218081-B12B-4FA3-BFE2-837ED5B5F58E}.Debug|iPhoneSimulator.ActiveCfg = Debug|iPhoneSimulator
		{F4218081-B12B-4FA3-BFE2-837ED5B5F58E}.Debug|iPhoneSimulator.Build.0 = Debug|iPhoneSimulator
		{F4218081-B12B-4FA3-BFE2-837ED5B5F58E}.Release|Any CPU.ActiveCfg = Release|iPhoneSimulator
		{F4218081-B12B-4FA3-BFE2-837ED5B5F58E}.Release|Any CPU.Build.0 = Release|iPhoneSimulator
		{F4218081-B12B-4FA3-BFE2-837ED5B5F58E}.Release|iPhone.ActiveCfg = Release|iPhone
		{F4218081-B12B-4FA3-BFE2-837ED5B5F58E}.Release|iPhone.Build.0 = Release|iPhone
		{F4218081-B12B-4FA3-BFE2-837ED5B5F58E}.Release|iPhoneSimulator.ActiveCfg = Release|iPhoneSimulator
		{F4218081-B12B-4FA3-BFE2-837ED5B5F58E}.Release|iPhoneSimulator.Build.0 = Release|iPhoneSimulator
		{FD198393-4EF8-401E-A507-1EAEB9214FD7}.Ad-Hoc|Any CPU.ActiveCfg = Release|Any CPU
		{FD198393-4EF8-401E-A507-1EAEB9214FD7}.Ad-Hoc|iPhone.ActiveCfg = Debug|Any CPU
		{FD198393-4EF8-401E-A507-1EAEB9214FD7}.Ad-Hoc|iPhone.Build.0 = Debug|Any CPU
		{FD198393-4EF8-401E-A507-1EAEB9214FD7}.Ad-Hoc|iPhoneSimulator.ActiveCfg = Release|Any CPU
		{FD198393-4EF8-401E-A507-1EAEB9214FD7}.AppStore|Any CPU.ActiveCfg = Release|Any CPU
		{FD198393-4EF8-401E-A507-1EAEB9214FD7}.AppStore|iPhone.ActiveCfg = Debug|Any CPU
		{FD198393-4EF8-401E-A507-1EAEB9214FD7}.AppStore|iPhone.Build.0 = Debug|Any CPU
		{FD198393-4EF8-401E-A507-1EAEB9214FD7}.AppStore|iPhoneSimulator.ActiveCfg = Release|Any CPU
		{FD198393-4EF8-401E-A507-1EAEB9214FD7}.Debug|Any CPU.ActiveCfg = Debug|Any CPU
		{FD198393-4EF8-401E-A507-1EAEB9214FD7}.Debug|Any CPU.Build.0 = Debug|Any CPU
		{FD198393-4EF8-401E-A507-1EAEB9214FD7}.Debug|iPhone.ActiveCfg = Debug|Any CPU
		{FD198393-4EF8-401E-A507-1EAEB9214FD7}.Debug|iPhone.Build.0 = Debug|Any CPU
		{FD198393-4EF8-401E-A507-1EAEB9214FD7}.Debug|iPhoneSimulator.ActiveCfg = Debug|Any CPU
		{FD198393-4EF8-401E-A507-1EAEB9214FD7}.Debug|iPhoneSimulator.Build.0 = Debug|Any CPU
		{FD198393-4EF8-401E-A507-1EAEB9214FD7}.Release|Any CPU.ActiveCfg = Release|Any CPU
		{FD198393-4EF8-401E-A507-1EAEB9214FD7}.Release|Any CPU.Build.0 = Release|Any CPU
		{FD198393-4EF8-401E-A507-1EAEB9214FD7}.Release|iPhone.ActiveCfg = Release|Any CPU
		{FD198393-4EF8-401E-A507-1EAEB9214FD7}.Release|iPhone.Build.0 = Release|Any CPU
		{FD198393-4EF8-401E-A507-1EAEB9214FD7}.Release|iPhoneSimulator.ActiveCfg = Release|Any CPU
		{FD198393-4EF8-401E-A507-1EAEB9214FD7}.Release|iPhoneSimulator.Build.0 = Release|Any CPU
	EndGlobalSection
	GlobalSection(NestedProjects) = preSolution
		{FD198393-4EF8-401E-A507-1EAEB9214FD7} = {EBD223BD-E28F-4BBB-AB48-CA311DC2B710}
		{A4224480-FC4E-4E38-AAC4-46ED63EB7160} = {EBD223BD-E28F-4BBB-AB48-CA311DC2B710}
		{F4218081-B12B-4FA3-BFE2-837ED5B5F58E} = {EBD223BD-E28F-4BBB-AB48-CA311DC2B710}
	EndGlobalSection
	GlobalSection(MonoDevelopProperties) = preSolution
		StartupItem = TicTacToe.Droid\TicTacToe.Droid.csproj
	EndGlobalSection
	GlobalSection(SolutionProperties) = preSolution
		HideSolutionNode = FALSE
	EndGlobalSection
EndGlobal
